{
    "name": "snapshot-diff",
    "lockfileVersion": 3,
    "requires": true,
    "packages": {
        "": {
            "name": "snapshot-diff",
            "dependencies": {
                "stream-chain": "^3.4.0",
                "stream-json": "^2.1.0"
            }
        },
        "node_modules/stream-chain": {
            "version": "3.6.2",
            "resolved": "https://registry.npmjs.org/stream-chain/-/stream-chain-3.6.2.tgz",
            "integrity": "sha512-MRUXdH/Fcv2I95WSkPthvpxGsuKeBpr50UXcP5Z3ncWafYxrWelMTVI3G7vJFABCs1ipoTPCN3J13ZcLpymrtA==",
            "license": "BSD-3-Clause",
            "funding": {
                "url": "https://github.com/sponsors/uhop"
            }
        },
        "node_modules/stream-json": {
            "version": "2.1.0",
            "resolved": "https://registry.npmjs.org/stream-json/-/stream-json-2.1.0.tgz",
            "integrity": "sha512-9gV/ywtebMn3DdKnNKYCb9iESvgR1dHbucNV+bRGvdvy+jV4c9FFgYKmENhpKv58jSwvs90Wk80RhfKk1KxHPg==",
            "license": "BSD-3-Clause",
            "dependencies": {
                "stream-chain": "^3.6.1"
            },
            "funding": {
                "url": "https://github.com/sponsors/uhop"
            }
        }
    }
}
